
Microsoft Visual Studio Solution File, Format Version 12.00
# Visual Studio Version 17
VisualStudioVersion = 17.4.33122.133
MinimumVisualStudioVersion = 10.0.40219.1
Project("{9A19103F-16F7-4668-BE54-9A1E7A4F7556}") = "CA221214", "CA221214\CA221214.csproj", "{4709045D-FA59-406B-9080-897AC7D0D82C}"
EndProject
Project("{FAE04EC0-301F-11D3-BF4B-00C04F79EFBC}") = "WFA221215", "WFA221215\WFA221215.csproj", "{AAF4990F-C0FA-45A2-850F-72311F327866}"
EndProject
Global
	GlobalSection(SolutionConfigurationPlatforms) = preSolution
		Debug|Any CPU = Debug|Any CPU
		Release|Any CPU = Release|Any CPU
	EndGlobalSection
	GlobalSection(ProjectConfigurationPlatforms) = postSolution
		{4709045D-FA59-406B-9080-897AC7D0D82C}.Debug|Any CPU.ActiveCfg = Debug|Any CPU
		{4709045D-FA59-406B-9080-897AC7D0D82C}.Debug|Any CPU.Build.0 = Debug|Any CPU
		{4709045D-FA59-406B-9080-897AC7D0D82C}.Release|Any CPU.ActiveCfg = Release|Any CPU
		{4709045D-FA59-406B-9080-897AC7D0D82C}.Release|Any CPU.Build.0 = Release|Any CPU
		{AAF4990F-C0FA-45A2-850F-72311F327866}.Debug|Any CPU.ActiveCfg = Debug|Any CPU
		{AAF4990F-C0FA-45A2-850F-72311F327866}.Debug|Any CPU.Build.0 = Debug|Any CPU
		{AAF4990F-C0FA-45A2-850F-72311F327866}.Release|Any CPU.ActiveCfg = Release|Any CPU
		{AAF4990F-C0FA-45A2-850F-72311F327866}.Release|Any CPU.Build.0 = Release|Any CPU
	EndGlobalSection
	GlobalSection(SolutionProperties) = preSolution
		HideSolutionNode = FALSE
	EndGlobalSection
	GlobalSection(ExtensibilityGlobals) = postSolution
		SolutionGuid = {D8D6A5EA-8734-424F-97C4-8C13CC95F46E}
	EndGlobalSection
EndGlobal
